// !$*UTF8*$!
{
	archiveVersion = 1;
	classes = {
	};
	objectVersion = 46;
	objects = {

/* Begin PBXBuildFile section */
		B6969B967E5B9060CC14D21D /* libPods-IQKeyboardObj.a in Frameworks */ = {isa = PBXBuildFile; fileRef = 69E5CBBD122D5002D2B4BBD3 /* libPods-IQKeyboardObj.a */; };
		CE692B021D90EE5300A28907 /* main.m in Sources */ = {isa = PBXBuildFile; fileRef = CE692B011D90EE5300A28907 /* main.m */; };
		CE692B051D90EE5300A28907 /* AppDelegate.m in Sources */ = {isa = PBXBuildFile; fileRef = CE692B041D90EE5300A28907 /* AppDelegate.m */; };
		CE692B081D90EE5300A28907 /* ViewController.m in Sources */ = {isa = PBXBuildFile; fileRef = CE692B071D90EE5300A28907 /* ViewController.m */; };
		CE692B0B1D90EE5300A28907 /* Main.storyboard in Resources */ = {isa = PBXBuildFile; fileRef = CE692B091D90EE5300A28907 /* Main.storyboard */; };
		CE692B0D1D90EE5300A28907 /* Assets.xcassets in Resources */ = {isa = PBXBuildFile; fileRef = CE692B0C1D90EE5300A28907 /* Assets.xcassets */; };
		CE692B101D90EE5300A28907 /* LaunchScreen.storyboard in Resources */ = {isa = PBXBuildFile; fileRef = CE692B0E1D90EE5300A28907 /* LaunchScreen.storyboard */; };
		CE692B1B1D90EE5300A28907 /* IQKeyboardObjUITests.m in Sources */ = {isa = PBXBuildFile; fileRef = CE692B1A1D90EE5300A28907 /* IQKeyboardObjUITests.m */; };
/* End PBXBuildFile section */

/* Begin PBXContainerItemProxy section */
		CE692B171D90EE5300A28907 /* PBXContainerItemProxy */ = {
			isa = PBXContainerItemProxy;
			containerPortal = CE692AF51D90EE5200A28907 /* Project object */;
			proxyType = 1;
			remoteGlobalIDString = CE692AFC1D90EE5200A28907;
			remoteInfo = IQKeyboardObj;
		};
/* End PBXContainerItemProxy section */

/* Begin PBXFileReference section */
		69E5CBBD122D5002D2B4BBD3 /* libPods-IQKeyboardObj.a */ = {isa = PBXFileReference; explicitFileType = archive.ar; includeInIndex = 0; path = "libPods-IQKeyboardObj.a"; sourceTree = BUILT_PRODUCTS_DIR; };
		891B33BD432B3F89F69A3A0F /* Pods-IQKeyboardObj.debug.xcconfig */ = {isa = PBXFileReference; includeInIndex = 1; lastKnownFileType = text.xcconfig; name = "Pods-IQKeyboardObj.debug.xcconfig"; path = "../../Pods/Target Support Files/Pods-IQKeyboardObj/Pods-IQKeyboardObj.debug.xcconfig"; sourceTree = "<group>"; };
		CE692AFD1D90EE5200A28907 /* IQKeyboardObj.app */ = {isa = PBXFileReference; explicitFileType = wrapper.application; includeInIndex = 0; path = IQKeyboardObj.app; sourceTree = BUILT_PRODUCTS_DIR; };
		CE692B011D90EE5300A28907 /* main.m */ = {isa = PBXFileReference; lastKnownFileType = sourcecode.c.objc; path = main.m; sourceTree = "<group>"; };
		CE692B031D90EE5300A28907 /* AppDelegate.h */ = {isa = PBXFileReference; lastKnownFileType = sourcecode.c.h; path = AppDelegate.h; sourceTree = "<group>"; };
		CE692B041D90EE5300A28907 /* AppDelegate.m */ = {isa = PBXFileReference; lastKnownFileType = sourcecode.c.objc; path = AppDelegate.m; sourceTree = "<group>"; };
		CE692B061D90EE5300A28907 /* ViewController.h */ = {isa = PBXFileReference; lastKnownFileType = sourcecode.c.h; path = ViewController.h; sourceTree = "<group>"; };
		CE692B071D90EE5300A28907 /* ViewController.m */ = {isa = PBXFileReference; lastKnownFileType = sourcecode.c.objc; path = ViewController.m; sourceTree = "<group>"; };
		CE692B0A1D90EE5300A28907 /* Base */ = {isa = PBXFileReference; lastKnownFileType = file.storyboard; name = Base; path = Base.lproj/Main.storyboard; sourceTree = "<group>"; };
		CE692B0C1D90EE5300A28907 /* Assets.xcassets */ = {isa = PBXFileReference; lastKnownFileType = folder.assetcatalog; path = Assets.xcassets; sourceTree = "<group>"; };
		CE692B0F1D90EE5300A28907 /* Base */ = {isa = PBXFileReference; lastKnownFileType = file.storyboard; name = Base; path = Base.lproj/LaunchScreen.storyboard; sourceTree = "<group>"; };
		CE692B111D90EE5300A28907 /* Info.plist */ = {isa = PBXFileReference; lastKnownFileType = text.plist.xml; path = Info.plist; sourceTree = "<group>"; };
		CE692B161D90EE5300A28907 /* IQKeyboardObjUITests.xctest */ = {isa = PBXFileReference; explicitFileType = wrapper.cfbundle; includeInIndex = 0; path = IQKeyboardObjUITests.xctest; sourceTree = BUILT_PRODUCTS_DIR; };
		CE692B1A1D90EE5300A28907 /* IQKeyboardObjUITests.m */ = {isa = PBXFileReference; lastKnownFileType = sourcecode.c.objc; path = IQKeyboardObjUITests.m; sourceTree = "<group>"; };
		CE692B1C1D90EE5300A28907 /* Info.plist */ = {isa = PBXFileReference; lastKnownFileType = text.plist.xml; path = Info.plist; sourceTree = "<group>"; };
		FA6BF6028FAEBCF975F82788 /* Pods-IQKeyboardObj.release.xcconfig */ = {isa = PBXFileReference; includeInIndex = 1; lastKnownFileType = text.xcconfig; name = "Pods-IQKeyboardObj.release.xcconfig"; path = "../../Pods/Target Support Files/Pods-IQKeyboardObj/Pods-IQKeyboardObj.release.xcconfig"; sourceTree = "<group>"; };
/* End PBXFileReference section */

/* Begin PBXFrameworksBuildPhase section */
		CE692AFA1D90EE5200A28907 /* Frameworks */ = {
			isa = PBXFrameworksBuildPhase;
			buildActionMask = 2147483647;
			files = (
				B6969B967E5B9060CC14D21D /* libPods-IQKeyboardObj.a in Frameworks */,
			);
			runOnlyForDeploymentPostprocessing = 0;
		};
		CE692B131D90EE5300A28907 /* Frameworks */ = {
			isa = PBXFrameworksBuildPhase;
			buildActionMask = 2147483647;
			files = (
			);
			runOnlyForDeploymentPostprocessing = 0;
		};
/* End PBXFrameworksBuildPhase section */

/* Begin PBXGroup section */
		14C105629968A4F08F82D848 /* Pods */ = {
			isa = PBXGroup;
			children = (
				891B33BD432B3F89F69A3A0F /* Pods-IQKeyboardObj.debug.xcconfig */,
				FA6BF6028FAEBCF975F82788 /* Pods-IQKeyboardObj.release.xcconfig */,
			);
			name = Pods;
			sourceTree = "<group>";
		};
		7C8EC784C1AA534CA3F326FF /* Frameworks */ = {
			isa = PBXGroup;
			children = (
				69E5CBBD122D5002D2B4BBD3 /* libPods-IQKeyboardObj.a */,
			);
			name = Frameworks;
			sourceTree = "<group>";
		};
		CE692AF41D90EE5200A28907 = {
			isa = PBXGroup;
			children = (
				CE692AFF1D90EE5200A28907 /* IQKeyboardObj */,
				CE692B191D90EE5300A28907 /* IQKeyboardObjUITests */,
				CE692AFE1D90EE5200A28907 /* Products */,
				14C105629968A4F08F82D848 /* Pods */,
				7C8EC784C1AA534CA3F326FF /* Frameworks */,
			);
			sourceTree = "<group>";
		};
		CE692AFE1D90EE5200A28907 /* Products */ = {
			isa = PBXGroup;
			children = (
				CE692AFD1D90EE5200A28907 /* IQKeyboardObj.app */,
				CE692B161D90EE5300A28907 /* IQKeyboardObjUITests.xctest */,
			);
			name = Products;
			sourceTree = "<group>";
		};
		CE692AFF1D90EE5200A28907 /* IQKeyboardObj */ = {
			isa = PBXGroup;
			children = (
				CE692B031D90EE5300A28907 /* AppDelegate.h */,
				CE692B041D90EE5300A28907 /* AppDelegate.m */,
				CE692B061D90EE5300A28907 /* ViewController.h */,
				CE692B071D90EE5300A28907 /* ViewController.m */,
				CE692B091D90EE5300A28907 /* Main.storyboard */,
				CE692B0C1D90EE5300A28907 /* Assets.xcassets */,
				CE692B0E1D90EE5300A28907 /* LaunchScreen.storyboard */,
				CE692B111D90EE5300A28907 /* Info.plist */,
				CE692B001D90EE5300A28907 /* Supporting Files */,
			);
			path = IQKeyboardObj;
			sourceTree = "<group>";
		};
		CE692B001D90EE5300A28907 /* Supporting Files */ = {
			isa = PBXGroup;
			children = (
				CE692B011D90EE5300A28907 /* main.m */,
			);
			name = "Supporting Files";
			sourceTree = "<group>";
		};
		CE692B191D90EE5300A28907 /* IQKeyboardObjUITests */ = {
			isa = PBXGroup;
			children = (
				CE692B1A1D90EE5300A28907 /* IQKeyboardObjUITests.m */,
				CE692B1C1D90EE5300A28907 /* Info.plist */,
			);
			path = IQKeyboardObjUITests;
			sourceTree = "<group>";
		};
/* End PBXGroup section */

/* Begin PBXNativeTarget section */
		CE692AFC1D90EE5200A28907 /* IQKeyboardObj */ = {
			isa = PBXNativeTarget;
			buildConfigurationList = CE692B1F1D90EE5300A28907 /* Build configuration list for PBXNativeTarget "IQKeyboardObj" */;
			buildPhases = (
				983ED0A186297DF59FF79A20 /* [CP] Check Pods Manifest.lock */,
				CE692AF91D90EE5200A28907 /* Sources */,
				CE692AFA1D90EE5200A28907 /* Frameworks */,
				CE692AFB1D90EE5200A28907 /* Resources */,
				5494C52CBBE03BCC5513B87F /* [CP] Embed Pods Frameworks */,
				352B80B95EBC84D4E224C3EA /* [CP] Copy Pods Resources */,
			);
			buildRules = (
			);
			dependencies = (
			);
			name = IQKeyboardObj;
			productName = IQKeyboardObj;
			productReference = CE692AFD1D90EE5200A28907 /* IQKeyboardObj.app */;
			productType = "com.apple.product-type.application";
		};
		CE692B151D90EE5300A28907 /* IQKeyboardObjUITests */ = {
			isa = PBXNativeTarget;
			buildConfigurationList = CE692B221D90EE5300A28907 /* Build configuration list for PBXNativeTarget "IQKeyboardObjUITests" */;
			buildPhases = (
				CE692B121D90EE5300A28907 /* Sources */,
				CE692B131D90EE5300A28907 /* Frameworks */,
				CE692B141D90EE5300A28907 /* Resources */,
			);
			buildRules = (
			);
			dependencies = (
				CE692B181D90EE5300A28907 /* PBXTargetDependency */,
			);
			name = IQKeyboardObjUITests;
			productName = IQKeyboardObjUITests;
			productReference = CE692B161D90EE5300A28907 /* IQKeyboardObjUITests.xctest */;
			productType = "com.apple.product-type.bundle.ui-testing";
		};
/* End PBXNativeTarget section */

/* Begin PBXProject section */
		CE692AF51D90EE5200A28907 /* Project object */ = {
			isa = PBXProject;
			attributes = {
				LastUpgradeCheck = 0800;
				ORGANIZATIONNAME = miwu;
				TargetAttributes = {
					CE692AFC1D90EE5200A28907 = {
						CreatedOnToolsVersion = 8.0;
						ProvisioningStyle = Automatic;
					};
					CE692B151D90EE5300A28907 = {
						CreatedOnToolsVersion = 8.0;
						ProvisioningStyle = Automatic;
						TestTargetID = CE692AFC1D90EE5200A28907;
					};
				};
			};
			buildConfigurationList = CE692AF81D90EE5200A28907 /* Build configuration list for PBXProject "IQKeyboardObj" */;
			compatibilityVersion = "Xcode 3.2";
			developmentRegion = English;
			hasScannedForEncodings = 0;
			knownRegions = (
				en,
				Base,
			);
			mainGroup = CE692AF41D90EE5200A28907;
			productRefGroup = CE692AFE1D90EE5200A28907 /* Products */;
			projectDirPath = "";
			projectRoot = "";
			targets = (
				CE692AFC1D90EE5200A28907 /* IQKeyboardObj */,
				CE692B151D90EE5300A28907 /* IQKeyboardObjUITests */,
			);
		};
/* End PBXProject section */

/* Begin PBXResourcesBuildPhase section */
		CE692AFB1D90EE5200A28907 /* Resources */ = {
			isa = PBXResourcesBuildPhase;
			buildActionMask = 2147483647;
			files = (
				CE692B101D90EE5300A28907 /* LaunchScreen.storyboard in Resources */,
				CE692B0D1D90EE5300A28907 /* Assets.xcassets in Resources */,
				CE692B0B1D90EE5300A28907 /* Main.storyboard in Resources */,
			);
			runOnlyForDeploymentPostprocessing = 0;
		};
		CE692B141D90EE5300A28907 /* Resources */ = {
			isa = PBXResourcesBuildPhase;
			buildActionMask = 2147483647;
			files = (
			);
			runOnlyForDeploymentPostprocessing = 0;
		};
/* End PBXResourcesBuildPhase section */

/* Begin PBXShellScriptBuildPhase section */
		352B80B95EBC84D4E224C3EA /* [CP] Copy Pods Resources */ = {
			isa = PBXShellScriptBuildPhase;
			buildActionMask = 2147483647;
			files = (
			);
			inputPaths = (
			);
			name = "[CP] Copy Pods Resources";
			outputPaths = (
			);
			runOnlyForDeploymentPostprocessing = 0;
			shellPath = /bin/sh;
			shellScript = "\"${SRCROOT}/../../Pods/Target Support Files/Pods-IQKeyboardObj/Pods-IQKeyboardObj-resources.sh\"\n";
			showEnvVarsInLog = 0;
		};
		5494C52CBBE03BCC5513B87F /* [CP] Embed Pods Frameworks */ = {
			isa = PBXShellScriptBuildPhase;
			buildActionMask = 2147483647;
			files = (
			);
			inputPaths = (
			);
			name = "[CP] Embed Pods Frameworks";
			outputPaths = (
			);
			runOnlyForDeploymentPostprocessing = 0;
			shellPath = /bin/sh;
			shellScript = "\"${SRCROOT}/../../Pods/Target Support Files/Pods-IQKeyboardObj/Pods-IQKeyboardObj-frameworks.sh\"\n";
			showEnvVarsInLog = 0;
		};
		983ED0A186297DF59FF79A20 /* [CP] Check Pods Manifest.lock */ = {
			isa = PBXShellScriptBuildPhase;
			buildActionMask = 2147483647;
			files = (
			);
			inputPaths = (
			);
			name = "[CP] Check Pods Manifest.lock";
			outputPaths = (
			);
			runOnlyForDeploymentPostprocessing = 0;
			shellPath = /bin/sh;
			shellScript = "diff \"${PODS_ROOT}/../Podfile.lock\" \"${PODS_ROOT}/Manifest.lock\" > /dev/null\nif [[ $? != 0 ]] ; then\n    cat << EOM\nerror: The sandbox is not in sync with the Podfile.lock. Run 'pod install' or update your CocoaPods installation.\nEOM\n    exit 1\nfi\n";
			showEnvVarsInLog = 0;
		};
/* End PBXShellScriptBuildPhase section */

/* Begin PBXSourcesBuildPhase section */
		CE692AF91D90EE5200A28907 /* Sources */ = {
			isa = PBXSourcesBuildPhase;
			buildActionMask = 2147483647;
			files = (
				CE692B081D90EE5300A28907 /* ViewController.m in Sources */,
				CE692B051D90EE5300A28907 /* AppDelegate.m in Sources */,
				CE692B021D90EE5300A28907 /* main.m in Sources */,
			);
			runOnlyForDeploymentPostprocessing = 0;
		};
		CE692B121D90EE5300A28907 /* Sources */ = {
			isa = PBXSourcesBuildPhase;
			buildActionMask = 2147483647;
			files = (
				CE692B1B1D90EE5300A28907 /* IQKeyboardObjUITests.m in Sources */,
			);
			runOnlyForDeploymentPostprocessing = 0;
		};
/* End PBXSourcesBuildPhase section */

/* Begin PBXTargetDependency section */
		CE692B181D90EE5300A28907 /* PBXTargetDependency */ = {
			isa = PBXTargetDependency;
			target = CE692AFC1D90EE5200A28907 /* IQKeyboardObj */;
			targetProxy = CE692B171D90EE5300A28907 /* PBXContainerItemProxy */;
		};
/* End PBXTargetDependency section */

/* Begin PBXVariantGroup section */
		CE692B091D90EE5300A28907 /* Main.storyboard */ = {
			isa = PBXVariantGroup;
			children = (
				CE692B0A1D90EE5300A28907 /* Base */,
			);
			name = Main.storyboard;
			sourceTree = "<group>";
		};
		CE692B0E1D90EE5300A28907 /* LaunchScreen.storyboard */ = {
			isa = PBXVariantGroup;
			children = (
				CE692B0F1D90EE5300A28907 /* Base */,
			);
			name = LaunchScreen.storyboard;
			sourceTree = "<group>";
		};
/* End PBXVariantGroup section */

/* Begin XCBuildConfiguration section */
		CE692B1D1D90EE5300A28907 /* Debug */ = {
			isa = XCBuildConfiguration;
			buildSettings = {
				ALWAYS_SEARCH_USER_PATHS = NO;
				CLANG_ANALYZER_NONNULL = YES;
				CLANG_CXX_LANGUAGE_STANDARD = "gnu++0x";
				CLANG_CXX_LIBRARY = "libc++";
				CLANG_ENABLE_MODULES = YES;
				CLANG_ENABLE_OBJC_ARC = YES;
				CLANG_WARN_BOOL_CONVERSION = YES;
				CLANG_WARN_CONSTANT_CONVERSION = YES;
				CLANG_WARN_DIRECT_OBJC_ISA_USAGE = YES_ERROR;
				CLANG_WARN_DOCUMENTATION_COMMENTS = YES;
				CLANG_WARN_EMPTY_BODY = YES;
				CLANG_WARN_ENUM_CONVERSION = YES;
				CLANG_WARN_INFINITE_RECURSION = YES;
				CLANG_WARN_INT_CONVERSION = YES;
				CLANG_WARN_OBJC_ROOT_CLASS = YES_ERROR;
				CLANG_WARN_SUSPICIOUS_MOVES = YES;
				CLANG_WARN_UNREACHABLE_CODE = YES;
				CLANG_WARN__DUPLICATE_METHOD_MATCH = YES;
				"CODE_SIGN_IDENTITY[sdk=iphoneos*]" = "iPhone Developer";
				COPY_PHASE_STRIP = NO;
				DEBUG_INFORMATION_FORMAT = dwarf;
				ENABLE_STRICT_OBJC_MSGSEND = YES;
				ENABLE_TESTABILITY = YES;
				GCC_C_LANGUAGE_STANDARD = gnu99;
				GCC_DYNAMIC_NO_PIC = NO;
				GCC_NO_COMMON_BLOCKS = YES;
				GCC_OPTIMIZATION_LEVEL = 0;
				GCC_PREPROCESSOR_DEFINITIONS = (
					"DEBUG=1",
					"$(inherited)",
				);
				GCC_WARN_64_TO_32_BIT_CONVERSION = YES;
				GCC_WARN_ABOUT_RETURN_TYPE = YES_ERROR;
				GCC_WARN_UNDECLARED_SELECTOR = YES;
				GCC_WARN_UNINITIALIZED_AUTOS = YES_AGGRESSIVE;
				GCC_WARN_UNUSED_FUNCTION = YES;
				GCC_WARN_UNUSED_VARIABLE = YES;
				IPHONEOS_DEPLOYMENT_TARGET = 10.0;
				MTL_ENABLE_DEBUG_INFO = YES;
				ONLY_ACTIVE_ARCH = YES;
				SDKROOT = iphoneos;
				TARGETED_DEVICE_FAMILY = "1,2";
			};
			name = Debug;
		};
		CE692B1E1D90EE5300A28907 /* Release */ = {
			isa = XCBuildConfiguration;
			buildSettings = {
				ALWAYS_SEARCH_USER_PATHS = NO;
				CLANG_ANALYZER_NONNULL = YES;
				CLANG_CXX_LANGUAGE_STANDARD = "gnu++0x";
				CLANG_CXX_LIBRARY = "libc++";
				CLANG_ENABLE_MODULES = YES;
				CLANG_ENABLE_OBJC_ARC = YES;
				CLANG_WARN_BOOL_CONVERSION = YES;
				CLANG_WARN_CONSTANT_CONVERSION = YES;
				CLANG_WARN_DIRECT_OBJC_ISA_USAGE = YES_ERROR;
				CLANG_WARN_DOCUMENTATION_COMMENTS = YES;
				CLANG_WARN_EMPTY_BODY = YES;
				CLANG_WARN_ENUM_CONVERSION = YES;
				CLANG_WARN_INFINITE_RECURSION = YES;
				CLANG_WARN_INT_CONVERSION = YES;
				CLANG_WARN_OBJC_ROOT_CLASS = YES_ERROR;
				CLANG_WARN_SUSPICIOUS_MOVES = YES;
				CLANG_WARN_UNREACHABLE_CODE = YES;
				CLANG_WARN__DUPLICATE_METHOD_MATCH = YES;
				"CODE_SIGN_IDENTITY[sdk=iphoneos*]" = "iPhone Developer";
				COPY_PHASE_STRIP = NO;
				DEBUG_INFORMATION_FORMAT = "dwarf-with-dsym";
				ENABLE_NS_ASSERTIONS = NO;
				ENABLE_STRICT_OBJC_MSGSEND = YES;
				GCC_C_LANGUAGE_STANDARD = gnu99;
				GCC_NO_COMMON_BLOCKS = YES;
				GCC_WARN_64_TO_32_BIT_CONVERSION = YES;
				GCC_WARN_ABOUT_RETURN_TYPE = YES_ERROR;
				GCC_WARN_UNDECLARED_SELECTOR = YES;
				GCC_WARN_UNINITIALIZED_AUTOS = YES_AGGRESSIVE;
				GCC_WARN_UNUSED_FUNCTION = YES;
				GCC_WARN_UNUSED_VARIABLE = YES;
				IPHONEOS_DEPLOYMENT_TARGET = 10.0;
				MTL_ENABLE_DEBUG_INFO = NO;
				SDKROOT = iphoneos;
				TARGETED_DEVICE_FAMILY = "1,2";
				VALIDATE_PRODUCT = YES;
			};
			name = Release;
		};
		CE692B201D90EE5300A28907 /* Debug */ = {
			isa = XCBuildConfiguration;
			baseConfigurationReference = 891B33BD432B3F89F69A3A0F /* Pods-IQKeyboardObj.debug.xcconfig */;
			buildSettings = {
				ASSETCATALOG_COMPILER_APPICON_NAME = AppIcon;
				INFOPLIST_FILE = IQKeyboardObj/Info.plist;
				LD_RUNPATH_SEARCH_PATHS = "$(inherited) @executable_path/Frameworks";
				PRODUCT_BUNDLE_IDENTIFIER = com.blemobi.IQKeyboardObj;
				PRODUCT_NAME = "$(TARGET_NAME)";
			};
			name = Debug;
		};
		CE692B211D90EE5300A28907 /* Release */ = {
			isa = XCBuildConfiguration;
			baseConfigurationReference = FA6BF6028FAEBCF975F82788 /* Pods-IQKeyboardObj.release.xcconfig */;
			buildSettings = {
				ASSETCATALOG_COMPILER_APPICON_NAME = AppIcon;
				INFOPLIST_FILE = IQKeyboardObj/Info.plist;
				LD_RUNPATH_SEARCH_PATHS = "$(inherited) @executable_path/Frameworks";
				PRODUCT_BUNDLE_IDENTIFIER = com.blemobi.IQKeyboardObj;
				PRODUCT_NAME = "$(TARGET_NAME)";
			};
			name = Release;
		};
		CE692B231D90EE5300A28907 /* Debug */ = {
			isa = XCBuildConfiguration;
			buildSettings = {
				INFOPLIST_FILE = IQKeyboardObjUITests/Info.plist;
				LD_RUNPATH_SEARCH_PATHS = "$(inherited) @executable_path/Frameworks @loader_path/Frameworks";
				PRODUCT_BUNDLE_IDENTIFIER = com.blemobi.IQKeyboardObjUITests;
				PRODUCT_NAME = "$(TARGET_NAME)";
				TEST_TARGET_NAME = IQKeyboardObj;
			};
			name = Debug;
		};
		CE692B241D90EE5300A28907 /* Release */ = {
			isa = XCBuildConfiguration;
			buildSettings = {
				INFOPLIST_FILE = IQKeyboardObjUITests/Info.plist;
				LD_RUNPATH_SEARCH_PATHS = "$(inherited) @executable_path/Frameworks @loader_path/Frameworks";
				PRODUCT_BUNDLE_IDENTIFIER = com.blemobi.IQKeyboardObjUITests;
				PRODUCT_NAME = "$(TARGET_NAME)";
				TEST_TARGET_NAME = IQKeyboardObj;
			};
			name = Release;
		};
/* End XCBuildConfiguration section */

/* Begin XCConfigurationList section */
		CE692AF81D90EE5200A28907 /* Build configuration list for PBXProject "IQKeyboardObj" */ = {
			isa = XCConfigurationList;
			buildConfigurations = (
				CE692B1D1D90EE5300A28907 /* Debug */,
				CE692B1E1D90EE5300A28907 /* Release */,
			);
			defaultConfigurationIsVisible = 0;
			defaultConfigurationName = Release;
		};
		CE692B1F1D90EE5300A28907 /* Build configuration list for PBXNativeTarget "IQKeyboardObj" */ = {
			isa = XCConfigurationList;
			buildConfigurations = (
				CE692B201D90EE5300A28907 /* Debug */,
				CE692B211D90EE5300A28907 /* Release */,
			);
			defaultConfigurationIsVisible = 0;
			defaultConfigurationName = Release;
		};
		CE692B221D90EE5300A28907 /* Build configuration list for PBXNativeTarget "IQKeyboardObjUITests" */ = {
			isa = XCConfigurationList;
			buildConfigurations = (
				CE692B231D90EE5300A28907 /* Debug */,
				CE692B241D90EE5300A28907 /* Release */,
			);
			defaultConfigurationIsVisible = 0;
			defaultConfigurationName = Release;
		};
/* End XCConfigurationList section */
	};
	rootObject = CE692AF51D90EE5200A28907 /* Project object */;
}
